dependencies:
- name: redis
  repository: https://kubernetes-charts.storage.googleapis.com/
  version: 7.1.0
- name: efs-provisioner
  repository: https://kubernetes-charts.storage.googleapis.com/
  version: 0.3.7
digest: sha256:b681f26b906569bf008bd81be79bf4049ca5196d9c6204ef5bababa7130c2af5
generated: "2019-05-17T11:58:29.374465788-07:00"
