dependencies:
- name: redis
  repository: https://charts.bitnami.com/bitnami
  version: 10.6.17
- name: efs-provisioner
  repository: https://kubernetes-charts.storage.googleapis.com/
  version: 0.11.1
- name: aws-alb-ingress-controller
  repository: https://kubernetes-charts-incubator.storage.googleapis.com/
  version: 1.0.0
digest: sha256:3ab7809ee83e0dc58779d9edd1605144bc8cd292f85b2992e75e425491117244
generated: "2020-06-01T19:40:21.004685521-07:00"
