{
  "version": "5",
  "specifiers": {
    "jsr:@bids/schema@1.0.4": "1.0.4",
    "jsr:@bids/validator@^2.0.7": "2.0.7",
    "jsr:@cliffy/ansi@1.0.0-rc.7": "1.0.0-rc.7",
    "jsr:@cliffy/flags@1.0.0-rc.7": "1.0.0-rc.7",
    "jsr:@cliffy/internal@1.0.0-rc.7": "1.0.0-rc.7",
    "jsr:@cliffy/keycode@1.0.0-rc.7": "1.0.0-rc.7",
    "jsr:@cliffy/prompt@^1.0.0-rc.7": "1.0.0-rc.7",
    "jsr:@cliffy/table@1.0.0-rc.7": "1.0.0-rc.7",
    "jsr:@deno-library/progress@^1.5.1": "1.5.1",
    "jsr:@effigies/cliffy-command@1.0.0-dev.8": "1.0.0-dev.8",
    "jsr:@effigies/cliffy-table@1.0.0-dev.5": "1.0.0-dev.5",
    "jsr:@effigies/cliffy-table@^1.0.0-dev.5": "1.0.0-dev.5",
    "jsr:@libs/xml@6.0.4": "6.0.4",
    "jsr:@std/assert@^1.0.10": "1.0.11",
    "jsr:@std/assert@^1.0.11": "1.0.11",
    "jsr:@std/assert@^1.0.3": "1.0.11",
    "jsr:@std/assert@~1.0.6": "1.0.11",
    "jsr:@std/async@^1.0.9": "1.0.9",
    "jsr:@std/bytes@^1.0.5": "1.0.5",
    "jsr:@std/data-structures@^1.0.6": "1.0.6",
    "jsr:@std/encoding@0.221": "0.221.0",
    "jsr:@std/encoding@^1.0.3": "1.0.7",
    "jsr:@std/encoding@^1.0.7": "1.0.7",
    "jsr:@std/encoding@~1.0.5": "1.0.7",
    "jsr:@std/fmt@1.0.3": "1.0.3",
    "jsr:@std/fmt@1.0.5": "1.0.5",
    "jsr:@std/fmt@1.0.6": "1.0.6",
    "jsr:@std/fmt@^1.0.5": "1.0.5",
    "jsr:@std/fmt@~1.0.2": "1.0.5",
    "jsr:@std/fs@^1.0.11": "1.0.13",
    "jsr:@std/fs@^1.0.13": "1.0.13",
    "jsr:@std/fs@^1.0.9": "1.0.13",
    "jsr:@std/internal@^1.0.5": "1.0.5",
    "jsr:@std/io@0.225.0": "0.225.0",
    "jsr:@std/io@~0.224.9": "0.224.9",
    "jsr:@std/io@~0.225.2": "0.225.2",
    "jsr:@std/log@0.224.14": "0.224.14",
    "jsr:@std/log@~0.224.14": "0.224.14",
    "jsr:@std/path@1.0.8": "1.0.8",
    "jsr:@std/path@^1.0.3": "1.0.8",
    "jsr:@std/path@^1.0.8": "1.0.8",
    "jsr:@std/path@~1.0.6": "1.0.8",
    "jsr:@std/streams@1.0.9": "1.0.9",
    "jsr:@std/streams@^1.0.9": "1.0.9",
    "jsr:@std/testing@^1.0.9": "1.0.9",
    "jsr:@std/text@~1.0.7": "1.0.10",
    "jsr:@std/yaml@^1.0.5": "1.0.8",
    "jsr:@wok/djwt@^3.0.2": "3.0.2",
    "npm:@bids/nifti-reader-js@0.6.9": "0.6.9",
    "npm:@sentry/deno@^8.55.0": "8.55.0",
    "npm:@types/node@*": "22.10.7",
    "npm:ajv@8.17.1": "8.17.1",
    "npm:hash-wasm@^4.12.0": "4.12.0",
    "npm:hed-validator@4.0.1": "4.0.1",
    "npm:ignore@7.0.3": "7.0.3",
    "npm:ignore@^5.3.0": "5.3.2",
    "npm:isomorphic-git@1.27.1": "1.27.1"
  },
  "jsr": {
    "@bids/schema@1.0.4": {
      "integrity": "54fae7e87e2cc150203b41f69c19ad21263dba078ef990211ee2f8d7683b1828"
    },
    "@bids/validator@2.0.7": {
      "integrity": "2020f809649cd7e56ae4c3cc1a33c808e6dde0c70c0ae51bf4e9069418970c34",
      "dependencies": [
        "jsr:@bids/schema",
        "jsr:@effigies/cliffy-command",
        "jsr:@effigies/cliffy-table@1.0.0-dev.5",
        "jsr:@libs/xml",
        "jsr:@std/fmt@1.0.6",
        "jsr:@std/log@0.224.14",
        "jsr:@std/path@1.0.8",
        "jsr:@std/streams@1.0.9",
        "jsr:@std/yaml",
        "npm:@bids/nifti-reader-js",
        "npm:ajv",
        "npm:hed-validator",
        "npm:ignore@7.0.3"
      ]
    },
    "@cliffy/ansi@1.0.0-rc.7": {
      "integrity": "f71c921cce224c13d322e5cedba4f38e8f7354c7d855c9cb22729362a53f25aa",
      "dependencies": [
        "jsr:@cliffy/internal",
        "jsr:@std/encoding@~1.0.5",
        "jsr:@std/io@~0.224.9"
      ]
    },
    "@cliffy/flags@1.0.0-rc.7": {
      "integrity": "318d9be98f6a6417b108e03dec427dea96cdd41a15beb21d2554ae6da450a781",
      "dependencies": [
        "jsr:@std/text"
      ]
    },
    "@cliffy/internal@1.0.0-rc.7": {
      "integrity": "10412636ab3e67517d448be9eaab1b70c88eba9be22617b5d146257a11cc9b17"
    },
    "@cliffy/keycode@1.0.0-rc.7": {
      "integrity": "5b3f6c33994e81a76b79f108b1989642ac22705840da33781f7972d7dff05503"
    },
    "@cliffy/prompt@1.0.0-rc.7": {
      "integrity": "a9cbd13acd8073558447cae8ca4cf593c09d23bcbe429cc63346920c21187b83",
      "dependencies": [
        "jsr:@cliffy/ansi",
        "jsr:@cliffy/internal",
        "jsr:@cliffy/keycode",
        "jsr:@std/assert@~1.0.6",
        "jsr:@std/fmt@~1.0.2",
        "jsr:@std/io@~0.224.9",
        "jsr:@std/path@~1.0.6",
        "jsr:@std/text"
      ]
    },
    "@cliffy/table@1.0.0-rc.7": {
      "integrity": "9fdd9776eda28a0b397981c400eeb1aa36da2371b43eefe12e6ff555290e3180",
      "dependencies": [
        "jsr:@std/fmt@~1.0.2"
      ]
    },
    "@deno-library/progress@1.5.1": {
      "integrity": "966611826b8bb27baae73ab1c4fa4317cd4edd2abb99750cd6f8488d22d5b121",
      "dependencies": [
        "jsr:@std/fmt@1.0.3",
        "jsr:@std/io@0.225.0"
      ]
    },
    "@effigies/cliffy-command@1.0.0-dev.8": {
      "integrity": "d6489c66bf7f603225a426b26b62eaee32bf6da04b69056bcb015a1f17190087",
      "dependencies": [
        "jsr:@cliffy/flags",
        "jsr:@cliffy/internal",
        "jsr:@cliffy/table",
        "jsr:@effigies/cliffy-table@^1.0.0-dev.5",
        "jsr:@std/fmt@~1.0.2",
        "jsr:@std/text"
      ]
    },
    "@effigies/cliffy-table@1.0.0-dev.5": {
      "integrity": "60944463d73cdb5aa70d9ff67062ac324ade5734384a410bcdd9b4b9b7d0bb1a",
      "dependencies": [
        "jsr:@std/fmt@~1.0.2"
      ]
    },
    "@libs/xml@6.0.4": {
      "integrity": "c896f17016dbf5f2d62496e0bd6cd7db145c05987d0e45d4dd2c87785a60f528"
    },
    "@std/assert@1.0.11": {
      "integrity": "2461ef3c368fe88bc60e186e7744a93112f16fd110022e113a0849e94d1c83c1",
      "dependencies": [
        "jsr:@std/internal"
      ]
    },
    "@std/async@1.0.9": {
      "integrity": "c6472fd0623b3f3daae023cdf7ca5535e1b721dfbf376562c0c12b3fb4867f91"
    },
    "@std/bytes@1.0.5": {
      "integrity": "4465dd739d7963d964c809202ebea6d5c6b8e3829ef25c6a224290fbb8a1021e"
    },
    "@std/data-structures@1.0.6": {
      "integrity": "76a7fd8080c66604c0496220a791860492ab21a04a63a969c0b9a0609bbbb760"
    },
    "@std/encoding@0.221.0": {
      "integrity": "d1dd76ef0dc5d14088411e6dc1dede53bf8308c95d1537df1214c97137208e45"
    },
    "@std/encoding@1.0.7": {
      "integrity": "f631247c1698fef289f2de9e2a33d571e46133b38d042905e3eac3715030a82d"
    },
    "@std/fmt@1.0.3": {
      "integrity": "97765c16aa32245ff4e2204ecf7d8562496a3cb8592340a80e7e554e0bb9149f"
    },
    "@std/fmt@1.0.5": {
      "integrity": "0cfab43364bc36650d83c425cd6d99910fc20c4576631149f0f987eddede1a4d"
    },
    "@std/fmt@1.0.6": {
      "integrity": "a2c56a69a2369876ddb3ad6a500bb6501b5bad47bb3ea16bfb0c18974d2661fc"
    },
    "@std/fs@1.0.13": {
      "integrity": "756d3ff0ade91c9e72b228e8012b6ff00c3d4a4ac9c642c4dac083536bf6c605",
      "dependencies": [
        "jsr:@std/path@^1.0.8"
      ]
    },
    "@std/internal@1.0.5": {
      "integrity": "54a546004f769c1ac9e025abd15a76b6671ddc9687e2313b67376125650dc7ba"
    },
    "@std/io@0.224.9": {
      "integrity": "4414664b6926f665102e73c969cfda06d2c4c59bd5d0c603fd4f1b1c840d6ee3"
    },
    "@std/io@0.225.0": {
      "integrity": "c1db7c5e5a231629b32d64b9a53139445b2ca640d828c26bf23e1c55f8c079b3"
    },
    "@std/io@0.225.2": {
      "integrity": "3c740cd4ee4c082e6cfc86458f47e2ab7cb353dc6234d5e9b1f91a2de5f4d6c7"
    },
    "@std/log@0.224.14": {
      "integrity": "257f7adceee3b53bb2bc86c7242e7d1bc59729e57d4981c4a7e5b876c808f05e",
      "dependencies": [
        "jsr:@std/fmt@^1.0.5",
        "jsr:@std/fs@^1.0.11",
        "jsr:@std/io@~0.225.2"
      ]
    },
    "@std/path@1.0.8": {
      "integrity": "548fa456bb6a04d3c1a1e7477986b6cffbce95102d0bb447c67c4ee70e0364be"
    },
    "@std/streams@1.0.9": {
      "integrity": "a9d26b1988cdd7aa7b1f4b51e1c36c1557f3f252880fa6cc5b9f37078b1a5035",
      "dependencies": [
        "jsr:@std/bytes"
      ]
    },
    "@std/testing@1.0.9": {
      "integrity": "9bdd4ac07cb13e7594ac30e90f6ceef7254ac83a9aeaa089be0008f33aab5cd4",
      "dependencies": [
        "jsr:@std/assert@^1.0.10",
        "jsr:@std/async",
        "jsr:@std/data-structures",
        "jsr:@std/fs@^1.0.9",
        "jsr:@std/internal",
        "jsr:@std/path@^1.0.8"
      ]
    },
    "@std/text@1.0.10": {
      "integrity": "9dcab377450253c0efa9a9a0c731040bfd4e1c03f8303b5934381467b7954338"
    },
    "@std/yaml@1.0.8": {
      "integrity": "90b8aab62995e929fa0ea5f4151c287275b63e321ac375c35ff7406ca60c169d"
    },
    "@wok/djwt@3.0.2": {
      "integrity": "e1c8afe6e321941edda40d91b089e93738469b994d53f41f82e0e7fcd7dde259",
      "dependencies": [
        "jsr:@std/encoding@0.221"
      ]
    }
  },
  "npm": {
    "@bids/nifti-reader-js@0.6.9": {
      "integrity": "sha512-3KWpGKrgUUvT5Bbl25K9TTQ77DRS5DUpcyhZlAblCPdP1YMy0tCzrxarRTixWM9tDN6sWUOBbf6zQpPyVe11Lw==",
      "dependencies": [
        "fflate"
      ]
    },
    "@sentry/core@8.55.0": {
      "integrity": "sha512-6g7jpbefjHYs821Z+EBJ8r4Z7LT5h80YSWRJaylGS4nW5W5Z2KXzpdnyFarv37O7QjauzVC2E+PABmpkw5/JGA=="
    },
    "@sentry/deno@8.55.0": {
      "integrity": "sha512-BwV2zp3UZM/hxXlLaVIP2PNjbpOnSoGj4DftlWIcwS9IyFb/WX/MBntR4GoxgbPg1GJTsKDZpvSPpK3HSbzeVw==",
      "dependencies": [
        "@sentry/core"
      ]
    },
    "@types/node@22.10.7": {
      "integrity": "sha512-V09KvXxFiutGp6B7XkpaDXlNadZxrzajcY50EuoLIpQ6WWYCSvf19lVIazzfIzQvhUN2HjX12spLojTnhuKlGg==",
      "dependencies": [
        "undici-types"
      ]
    },
    "ajv@8.17.1": {
      "integrity": "sha512-B/gBuNg5SiMTrPkC+A2+cW0RszwxYmn6VYxB/inlBStS5nx6xHIt/ehKRhIMhqusl7a8LjQoZnjCs5vhwxOQ1g==",
      "dependencies": [
        "fast-deep-equal",
        "fast-uri",
        "json-schema-traverse",
        "require-from-string"
      ]
    },
    "async-lock@1.4.1": {
      "integrity": "sha512-Az2ZTpuytrtqENulXwO3GGv1Bztugx6TT37NIo7imr/Qo0gsYiGtSdBa2B6fsXhTpVZDNfu1Qn3pk531e3q+nQ=="
    },
    "base64-js@1.5.1": {
      "integrity": "sha512-AKpaYlHn8t4SVbOHCy+b5+KKgvR4vrsD8vbvrbiQJps7fKDTkjkDry6ji0rUJjC0kzbNePLwzxq8iypo41qeWA=="
    },
    "buffer@6.0.3": {
      "integrity": "sha512-FTiCpNxtwiZZHEZbcbTIcZjERVICn9yq/pDFkTl95/AxzD1naBctN7YO68riM/gLSDY7sdrMby8hofADYuuqOA==",
      "dependencies": [
        "base64-js",
        "ieee754"
      ]
    },
    "clean-git-ref@2.0.1": {
      "integrity": "sha512-bLSptAy2P0s6hU4PzuIMKmMJJSE6gLXGH1cntDu7bWJUksvuM+7ReOK61mozULErYvP6a15rnYl0zFDef+pyPw=="
    },
    "core-js-pure@3.43.0": {
      "integrity": "sha512-i/AgxU2+A+BbJdMxh3v7/vxi2SbFqxiFmg6VsDwYB4jkucrd1BZNA9a9gphC0fYMG5IBSgQcbQnk865VCLe7xA==",
      "scripts": true
    },
    "crc-32@1.2.2": {
      "integrity": "sha512-ROmzCKrTnOwybPcJApAA6WBWij23HVfGVNKqqrZpuyZOHqK2CwHSvpGuyt/UNNvaIjEd8X5IFGp4Mh+Ie1IHJQ==",
      "bin": true
    },
    "cross-fetch@4.1.0": {
      "integrity": "sha512-uKm5PU+MHTootlWEY+mZ4vvXoCn4fLQxT9dSc1sXVMSFkINTJVN8cAQROpwcKm8bJ/c7rgZVIBWzH5T78sNZZw==",
      "dependencies": [
        "node-fetch"
      ]
    },
    "date-and-time@3.6.0": {
      "integrity": "sha512-V99gLaMqNQxPCObBumb31Bfy3OByXnpqUM0yHPi/aBQE61g42A2rGk6Z2CDnpLrWsOFLQwOgl4Vgshw6D44ebw=="
    },
    "date-fns@4.1.0": {
      "integrity": "sha512-Ukq0owbQXxa/U3EGtsdVBkR1w7KOQ5gIBqdH2hkvknzZPYvBxb/aa6E8L7tmjFtkwZBu3UXBbjIgPo/Ez4xaNg=="
    },
    "decompress-response@6.0.0": {
      "integrity": "sha512-aW35yZM6Bb/4oJlZncMH2LCoZtJXTRxES17vE3hoRiowU2kWHaJKFkSBDnDR+cm9J+9QhXmREyIfv0pji9ejCQ==",
      "dependencies": [
        "mimic-response"
      ]
    },
    "diff3@0.0.3": {
      "integrity": "sha512-iSq8ngPOt0K53A6eVr4d5Kn6GNrM2nQZtC740pzIriHtn4pOQ2lyzEXQMBeVcWERN0ye7fhBsk9PbLLQOnUx/g=="
    },
    "events@3.3.0": {
      "integrity": "sha512-mQw+2fkQbALzQ7V0MY0IqdnXNOeTtP4r0lN9z7AAawCXgqea7bDii20AYrIBrFd/Hx0M2Ocz6S111CaFkUcb0Q=="
    },
    "fast-deep-equal@3.1.3": {
      "integrity": "sha512-f3qQ9oQy9j2AhBe/H9VC91wLmKBCCU/gDOnKNAYG5hswO7BLKj09Hc5HYNz9cGI++xlpDCIgDaitVs03ATR84Q=="
    },
    "fast-uri@3.0.6": {
      "integrity": "sha512-Atfo14OibSv5wAp4VWNsFYE1AchQRTv9cBGWET4pZWHzYshFSS9NQI6I57rdKn9croWVMbYFbLhJ+yJvmZIIHw=="
    },
    "fflate@0.8.2": {
      "integrity": "sha512-cPJU47OaAoCbg0pBvzsgpTPhmhqI5eJjh/JIu8tPj5q+T7iLvW/JAYUqmE7KOB4R1ZyEhzBaIQpQpardBF5z8A=="
    },
    "hash-wasm@4.12.0": {
      "integrity": "sha512-+/2B2rYLb48I/evdOIhP+K/DD2ca2fgBjp6O+GBEnCDk2e4rpeXIK8GvIyRPjTezgmWn9gmKwkQjjx6BtqDHVQ=="
    },
    "hed-validator@4.0.1": {
      "integrity": "sha512-JISoDcsm3IjK3l5+sbAd9DBOno9TWyk2EC2kXAaX5JLo9RIZH3e/sWgI7spMxR60VOT69/CCo/YD3ak3/AhkCw==",
      "dependencies": [
        "buffer",
        "core-js-pure",
        "cross-fetch",
        "date-and-time",
        "date-fns",
        "events",
        "lodash",
        "path",
        "pluralize",
        "semver",
        "string_decoder",
        "unicode-name",
        "xml2js"
      ]
    },
    "ieee754@1.2.1": {
      "integrity": "sha512-dcyqhDvX1C46lXZcVqCpK+FtMRQVdIMN6/Df5js2zouUsqG7I6sFxitIC+7KYK29KdXOLHdu9zL4sFnoVQnqaA=="
    },
    "ignore@5.3.2": {
      "integrity": "sha512-hsBTNUqQTDwkWtcdYI2i06Y/nUBEsNEDJKjWdigLvegy8kDuJAS8uRlpkkcQpyEXL0Z/pjDy5HBmMjRCJ2gq+g=="
    },
    "ignore@7.0.3": {
      "integrity": "sha512-bAH5jbK/F3T3Jls4I0SO1hmPR0dKU0a7+SY6n1yzRtG54FLO8d6w/nxLFX2Nb7dBu6cCWXPaAME6cYqFUMmuCA=="
    },
    "inherits@2.0.3": {
      "integrity": "sha512-x00IRNXNy63jwGkJmzPigoySHbaqpNuzKbBOmzK+g2OdZpQ9w+sxCN+VSB3ja7IAge2OP2qpfxTjeNcyjmW1uw=="
    },
    "inherits@2.0.4": {
      "integrity": "sha512-k/vGaX4/Yla3WzyMCvTQOXYeIHvqOKtnqBduzTHpzpQZzAskKMhZ2K+EnBiSM9zGSoIFeMpXKxa4dYeZIQqewQ=="
    },
    "isomorphic-git@1.27.1": {
      "integrity": "sha512-X32ph5zIWfT75QAqW2l3JCIqnx9/GWd17bRRehmn3qmWc34OYbSXY6Cxv0o9bIIY+CWugoN4nQFHNA+2uYf2nA==",
      "dependencies": [
        "async-lock",
        "clean-git-ref",
        "crc-32",
        "diff3",
        "ignore@5.3.2",
        "minimisted",
        "pako",
        "pify",
        "readable-stream",
        "sha.js",
        "simple-get"
      ],
      "bin": true
    },
    "json-schema-traverse@1.0.0": {
      "integrity": "sha512-NM8/P9n3XjXhIZn1lLhkFaACTOURQXjWhV4BA/RnOv8xvgqtqpAX9IO4mRQxSx1Rlo4tqzeqb0sOlruaOy3dug=="
    },
    "lodash@4.17.21": {
      "integrity": "sha512-v2kDEe57lecTulaDIuNTPy3Ry4gLGJ6Z1O3vE1krgXZNrsQ+LFTGHVxVjcXPs17LhbZVGedAJv8XZ1tvj5FvSg=="
    },
    "mimic-response@3.1.0": {
      "integrity": "sha512-z0yWI+4FDrrweS8Zmt4Ej5HdJmky15+L2e6Wgn3+iK5fWzb6T3fhNFq2+MeTRb064c6Wr4N/wv0DzQTjNzHNGQ=="
    },
    "minimist@1.2.8": {
      "integrity": "sha512-2yyAR8qBkN3YuheJanUpWC5U3bb5osDywNB8RzDVlDwDHbocAJveqqj1u8+SVD7jkWT4yvsHCpWqqWqAxb0zCA=="
    },
    "minimisted@2.0.1": {
      "integrity": "sha512-1oPjfuLQa2caorJUM8HV8lGgWCc0qqAO1MNv/k05G4qslmsndV/5WdNZrqCiyqiz3wohia2Ij2B7w2Dr7/IyrA==",
      "dependencies": [
        "minimist"
      ]
    },
    "node-fetch@2.7.0": {
      "integrity": "sha512-c4FRfUm/dbcWZ7U+1Wq0AwCyFL+3nt2bEw05wfxSz+DWpWsitgmSgYmy2dQdWyKC1694ELPqMs/YzUSNozLt8A==",
      "dependencies": [
        "whatwg-url"
      ]
    },
    "once@1.4.0": {
      "integrity": "sha512-lNaJgI+2Q5URQBkccEKHTQOPaXdUxnZZElQTZY0MFUAuaEqe1E+Nyvgdz/aIyNi6Z9MzO5dv1H8n58/GELp3+w==",
      "dependencies": [
        "wrappy"
      ]
    },
    "pako@1.0.11": {
      "integrity": "sha512-4hLB8Py4zZce5s4yd9XzopqwVv/yGNhV1Bl8NTmCq1763HeK2+EwVTv+leGeL13Dnh2wfbqowVPXCIO0z4taYw=="
    },
    "path@0.12.7": {
      "integrity": "sha512-aXXC6s+1w7otVF9UletFkFcDsJeO7lSZBPUQhtb5O0xJe8LtYhj/GxldoL09bBj9+ZmE2hNoHqQSFMN5fikh4Q==",
      "dependencies": [
        "process",
        "util"
      ]
    },
    "pify@4.0.1": {
      "integrity": "sha512-uB80kBFb/tfd68bVleG9T5GGsGPjJrLAUpR5PZIrhBnIaRTQRjqdJSsIKkOP6OAIFbj7GOrcudc5pNjZ+geV2g=="
    },
    "pluralize@8.0.0": {
      "integrity": "sha512-Nc3IT5yHzflTfbjgqWcCPpo7DaKy4FnpB0l/zCAW0Tc7jxAiuqSxHasntB3D7887LSrA93kDJ9IXovxJYxyLCA=="
    },
    "process@0.11.10": {
      "integrity": "sha512-cdGef/drWFoydD1JsMzuFf8100nZl+GT+yacc2bEced5f9Rjk4z+WtFUTBu9PhOi9j/jfmBPu0mMEY4wIdAF8A=="
    },
    "readable-stream@3.6.2": {
      "integrity": "sha512-9u/sniCrY3D5WdsERHzHE4G2YCXqoG5FTHUiCC4SIbr6XcLZBY05ya9EKjYek9O5xOAwjGq+1JdGBAS7Q9ScoA==",
      "dependencies": [
        "inherits@2.0.4",
        "string_decoder",
        "util-deprecate"
      ]
    },
    "require-from-string@2.0.2": {
      "integrity": "sha512-Xf0nWe6RseziFMu+Ap9biiUbmplq6S9/p+7w7YXP/JBHhrUDDUhwa+vANyubuqfZWTveU//DYVGsDG7RKL/vEw=="
    },
    "safe-buffer@5.2.1": {
      "integrity": "sha512-rp3So07KcdmmKbGvgaNxQSJr7bGVSVk5S9Eq1F+ppbRo70+YeaDxkw5Dd8NPN+GD6bjnYm2VuPuCXmpuYvmCXQ=="
    },
    "sax@1.4.1": {
      "integrity": "sha512-+aWOz7yVScEGoKNd4PA10LZ8sk0A/z5+nXQG5giUO5rprX9jgYsTdov9qCchZiPIZezbZH+jRut8nPodFAX4Jg=="
    },
    "semver@7.7.2": {
      "integrity": "sha512-RF0Fw+rO5AMf9MAyaRXI4AV0Ulj5lMHqVxxdSgiVbixSCXoEmmX/jk0CuJw4+3SqroYO9VoUh+HcuJivvtJemA==",
      "bin": true
    },
    "sha.js@2.4.11": {
      "integrity": "sha512-QMEp5B7cftE7APOjk5Y6xgrbWu+WkLVQwk8JNjZ8nKRciZaByEW6MubieAiToS7+dwvrjGhH8jRXz3MVd0AYqQ==",
      "dependencies": [
        "inherits@2.0.4",
        "safe-buffer"
      ],
      "bin": true
    },
    "simple-concat@1.0.1": {
      "integrity": "sha512-cSFtAPtRhljv69IK0hTVZQ+OfE9nePi/rtJmw5UjHeVyVroEqJXP1sFztKUy1qU+xvz3u/sfYJLa947b7nAN2Q=="
    },
    "simple-get@4.0.1": {
      "integrity": "sha512-brv7p5WgH0jmQJr1ZDDfKDOSeWWg+OVypG99A/5vYGPqJ6pxiaHLy8nxtFjBA7oMa01ebA9gfh1uMCFqOuXxvA==",
      "dependencies": [
        "decompress-response",
        "once",
        "simple-concat"
      ]
    },
    "string_decoder@1.3.0": {
      "integrity": "sha512-hkRX8U1WjJFd8LsDJ2yQ/wWWxaopEsABU1XfkM8A+j0+85JAGppt16cr1Whg6KIbb4okU6Mql6BOj+uup/wKeA==",
      "dependencies": [
        "safe-buffer"
      ]
    },
    "tr46@0.0.3": {
      "integrity": "sha512-N3WMsuqV66lT30CrXNbEjx4GEwlow3v6rr4mCcv6prnfwhS01rkgyFdjPNBYd9br7LpXV1+Emh01fHnq2Gdgrw=="
    },
    "undici-types@6.20.0": {
      "integrity": "sha512-Ny6QZ2Nju20vw1SRHe3d9jVu6gJ+4e3+MMpqu7pqE5HT6WsTSlce++GQmK5UXS8mzV8DSYHrQH+Xrf2jVcuKNg=="
    },
    "unicode-name@1.0.4": {
      "integrity": "sha512-Y8KWGWHyZo5MVHsdjSFIshZesmQbLkh0l7RAv4uFNgVMjBIaCWVZAzch5b9jKaMHDnhroebDoM79/lLpzBLKvQ=="
    },
    "util-deprecate@1.0.2": {
      "integrity": "sha512-EPD5q1uXyFxJpCrLnCc1nHnq3gOa6DZBocAIiI2TaSCA7VCJ1UJDMagCzIkXNsUYfD1daK//LTEQ8xiIbrHtcw=="
    },
    "util@0.10.4": {
      "integrity": "sha512-0Pm9hTQ3se5ll1XihRic3FDIku70C+iHUdT/W926rSgHV5QgXsYbKZN8MSC3tJtSkhuROzvsQjAaFENRXr+19A==",
      "dependencies": [
        "inherits@2.0.3"
      ]
    },
    "webidl-conversions@3.0.1": {
      "integrity": "sha512-2JAn3z8AR6rjK8Sm8orRC0h/bcl/DqL7tRPdGZ4I1CjdF+EaMLmYxBHyXuKL849eucPFhvBoxMsflfOb8kxaeQ=="
    },
    "whatwg-url@5.0.0": {
      "integrity": "sha512-saE57nupxk6v3HY35+jzBwYa0rKSy0XR8JSxZPwgLr7ys0IBzhGviA1/TUGJLmSVqs8pb9AnvICXEuOHLprYTw==",
      "dependencies": [
        "tr46",
        "webidl-conversions"
      ]
    },
    "wrappy@1.0.2": {
      "integrity": "sha512-l4Sp/DRseor9wL6EvV2+TuQn63dMkPjZ/sp9XkghTEbV9KlPS1xUsZ3u7/IQO4wxtcFB4bgpQPRcR3QCvezPcQ=="
    },
    "xml2js@0.6.2": {
      "integrity": "sha512-T4rieHaC1EXcES0Kxxj4JWgaUQHDk+qwHcYOCFHfiwKz7tOVPLq7Hjq9dM1WCMhylqMEfP7hMcOIChvotiZegA==",
      "dependencies": [
        "sax",
        "xmlbuilder"
      ]
    },
    "xmlbuilder@11.0.1": {
      "integrity": "sha512-fDlsI/kFEx7gLvbecc0/ohLG50fugQp8ryHzMTuW9vSa1GJ0XYWKnhsUx7oie3G98+r56aTQIUB4kht42R3JvA=="
    }
  },
  "workspace": {
    "dependencies": [
      "jsr:@bids/validator@^2.0.7",
      "jsr:@cliffy/prompt@^1.0.0-rc.7",
      "jsr:@deno-library/progress@^1.5.1",
      "jsr:@effigies/cliffy-command@1.0.0-dev.8",
      "jsr:@std/assert@^1.0.11",
      "jsr:@std/encoding@^1.0.7",
      "jsr:@std/fs@^1.0.13",
      "jsr:@std/log@~0.224.14",
      "jsr:@std/path@^1.0.8",
      "jsr:@std/streams@^1.0.9",
      "jsr:@std/testing@^1.0.9",
      "jsr:@wok/djwt@^3.0.2",
      "npm:@sentry/deno@^8.55.0",
      "npm:hash-wasm@^4.12.0",
      "npm:ignore@^5.3.0",
      "npm:isomorphic-git@1.27.1"
    ]
  }
}
